
Microsoft Visual Studio Solution File, Format Version 12.00
# Visual Studio Version 17
VisualStudioVersion = 17.8.34227.203
MinimumVisualStudioVersion = 10.0.40219.1
Project("{FAE04EC0-301F-11D3-BF4B-00C04F79EFBC}") = "DrD_DenikPostavy", "DrD_DenikPostavy\DrD_DenikPostavy.csproj", "{4E7365D7-9C8E-4FC7-83AC-1D27DE89C27D}"
EndProject
Global
	GlobalSection(SolutionConfigurationPlatforms) = preSolution
		Debug|Any CPU = Debug|Any CPU
		Release|Any CPU = Release|Any CPU
	EndGlobalSection
	GlobalSection(ProjectConfigurationPlatforms) = postSolution
		{4E7365D7-9C8E-4FC7-83AC-1D27DE89C27D}.Debug|Any CPU.ActiveCfg = Debug|Any CPU
		{4E7365D7-9C8E-4FC7-83AC-1D27DE89C27D}.Debug|Any CPU.Build.0 = Debug|Any CPU
		{4E7365D7-9C8E-4FC7-83AC-1D27DE89C27D}.Release|Any CPU.ActiveCfg = Release|Any CPU
		{4E7365D7-9C8E-4FC7-83AC-1D27DE89C27D}.Release|Any CPU.Build.0 = Release|Any CPU
	EndGlobalSection
	GlobalSection(SolutionProperties) = preSolution
		HideSolutionNode = FALSE
	EndGlobalSection
	GlobalSection(ExtensibilityGlobals) = postSolution
		SolutionGuid = {1350D651-28ED-479C-9387-80E9114D32AF}
	EndGlobalSection
EndGlobal
